{
  "name": "qk-test-analytics",
  "version": "0.1.0",
  "lockfileVersion": 3,
  "requires": true,
  "packages": {
    "": {
      "name": "qk-test-analytics",
      "version": "0.1.0",
      "license": "Apache-2.0",
      "bin": {
        "qkta": "bin/qkta.js",
        "qreport-build": "bin/qkta.js",
        "qreport-cycle": "bin/qkta.js"
      },
      "engines": {
        "node": ">=20"
      }
    }
  }
}
